<?xml version="1.0" encoding="utf-8"?>
<Project ToolsVersion="4.0" xmlns="http://schemas.microsoft.com/developer/msbuild/2003">
  <ItemGroup>
    <Filter Include="源文件">
      <UniqueIdentifier>{4FC737F1-C7A5-4376-A066-2A32D752A2FF}</UniqueIdentifier>
      <Extensions>cpp;c;cc;cxx;c++;cppm;ixx;def;odl;idl;hpj;bat;asm;asmx</Extensions>
    </Filter>
    <Filter Include="头文件">
      <UniqueIdentifier>{93995380-89BD-4b04-88EB-625FBE52EBFB}</UniqueIdentifier>
      <Extensions>h;hh;hpp;hxx;h++;hm;inl;inc;ipp;xsd</Extensions>
    </Filter>
    <Filter Include="资源文件">
      <UniqueIdentifier>{67DA6AB6-F800-4c08-8B7A-83BB121AAD01}</UniqueIdentifier>
      <Extensions>rc;ico;cur;bmp;dlg;rc2;rct;bin;rgs;gif;jpg;jpeg;jpe;resx;tiff;tif;png;wav;mfcribbon-ms</Extensions>
    </Filter>
    <Filter Include="头文件\Core">
      <UniqueIdentifier>{dcdc66a6-8c54-4d3a-bc0d-277a9494dc5b}</UniqueIdentifier>
    </Filter>
    <Filter Include="头文件\System">
      <UniqueIdentifier>{8cd96478-2c06-4a26-9750-569d8c87f070}</UniqueIdentifier>
    </Filter>
    <Filter Include="头文件\Render">
      <UniqueIdentifier>{18744404-10e9-481b-92b1-0712941e8eb3}</UniqueIdentifier>
    </Filter>
    <Filter Include="头文件\Scene">
      <UniqueIdentifier>{2bdf654c-225e-47de-bf5e-ec7c1e7d48d6}</UniqueIdentifier>
    </Filter>
    <Filter Include="头文件\RenderPipeline">
      <UniqueIdentifier>{b660dc8a-d2ad-4534-a090-c03c8637c2ab}</UniqueIdentifier>
    </Filter>
    <Filter Include="头文件\assets">
      <UniqueIdentifier>{409ab3bb-6e6b-4f2f-9177-8883b22e332b}</UniqueIdentifier>
    </Filter>
  </ItemGroup>
  <ItemGroup>
    <ClCompile Include="main.cpp">
      <Filter>源文件</Filter>
    </ClCompile>
    <ClCompile Include="glad.c">
      <Filter>源文件</Filter>
    </ClCompile>
    <ClCompile Include="source.cpp">
      <Filter>源文件</Filter>
    </ClCompile>
    <ClCompile Include="System\InputSystem.cpp">
      <Filter>源文件</Filter>
    </ClCompile>
    <ClCompile Include="System\Window.cpp">
      <Filter>源文件</Filter>
    </ClCompile>
    <ClCompile Include="Render\RenderDevice.cpp">
      <Filter>源文件</Filter>
    </ClCompile>
    <ClCompile Include="Render\Shader.cpp">
      <Filter>源文件</Filter>
    </ClCompile>
    <ClCompile Include="Scene\Transform.cpp">
      <Filter>源文件</Filter>
    </ClCompile>
    <ClCompile Include="Scene\Camera.cpp">
      <Filter>源文件</Filter>
    </ClCompile>
    <ClCompile Include="RenderPiPeline\PassForward.cpp">
      <Filter>源文件</Filter>
    </ClCompile>
    <ClCompile Include="Assets\ImporterPMX.cpp">
      <Filter>源文件</Filter>
    </ClCompile>
    <ClCompile Include="Scene\Light.cpp">
      <Filter>源文件</Filter>
    </ClCompile>
    <ClCompile Include="Render\MeshGPU.cpp">
      <Filter>源文件</Filter>
    </ClCompile>
    <ClCompile Include="Render\Texture2D.cpp">
      <Filter>源文件</Filter>
    </ClCompile>
    <ClCompile Include="Scene\Mesh.cpp">
      <Filter>源文件</Filter>
    </ClCompile>
    <ClCompile Include="System\CameraSystem.cpp">
      <Filter>源文件</Filter>
    </ClCompile>
    <ClCompile Include="System\LightManager.cpp">
      <Filter>源文件</Filter>
    </ClCompile>
    <ClCompile Include="Assets\MeshPrimitives.cpp">
      <Filter>源文件</Filter>
    </ClCompile>
    <ClCompile Include="Assets\PassAssets.cpp">
      <Filter>源文件</Filter>
    </ClCompile>
    <ClCompile Include="Assets\MaterialAssets.cpp">
      <Filter>源文件</Filter>
    </ClCompile>
    <ClCompile Include="RenderPiPeline\RenderQueue.cpp">
      <Filter>源文件</Filter>
    </ClCompile>
    <ClCompile Include="Core\MeshRegistry.cpp">
      <Filter>源文件</Filter>
    </ClCompile>
    <ClCompile Include="Render\ShadowMap.cpp">
      <Filter>源文件</Filter>
    </ClCompile>
    <ClCompile Include="RenderPiPeline\PassShadow.cpp">
      <Filter>源文件</Filter>
    </ClCompile>
  </ItemGroup>
  <ItemGroup>
    <ClInclude Include="Core\NonCopyable.h">
      <Filter>头文件\Core</Filter>
    </ClInclude>
    <ClInclude Include="Core\math.h">
      <Filter>头文件\Core</Filter>
    </ClInclude>
    <ClInclude Include="System\InputSystem.h">
      <Filter>头文件\System</Filter>
    </ClInclude>
    <ClInclude Include="System\Window.h">
      <Filter>头文件\System</Filter>
    </ClInclude>
    <ClInclude Include="Render\RenderDevice.h">
      <Filter>头文件\Render</Filter>
    </ClInclude>
    <ClInclude Include="Render\Shader.h">
      <Filter>头文件\Render</Filter>
    </ClInclude>
    <ClInclude Include="Scene\Actor.h">
      <Filter>头文件\Scene</Filter>
    </ClInclude>
    <ClInclude Include="Scene\Camera.h">
      <Filter>头文件\Scene</Filter>
    </ClInclude>
    <ClInclude Include="Scene\Component.h">
      <Filter>头文件\Scene</Filter>
    </ClInclude>
    <ClInclude Include="Scene\Transform.h">
      <Filter>头文件\Scene</Filter>
    </ClInclude>
    <ClInclude Include="RenderPiPeline\Pass.h">
      <Filter>头文件\RenderPipeline</Filter>
    </ClInclude>
    <ClInclude Include="RenderPiPeline\PassForward.h">
      <Filter>头文件\RenderPipeline</Filter>
    </ClInclude>
    <ClInclude Include="RenderPiPeline\RenderPipeline.h">
      <Filter>头文件\RenderPipeline</Filter>
    </ClInclude>
    <ClInclude Include="RenderPiPeline\RenderQueue.h">
      <Filter>头文件\RenderPipeline</Filter>
    </ClInclude>
    <ClInclude Include="Assets\ImporterPMX.h">
      <Filter>头文件\assets</Filter>
    </ClInclude>
    <ClInclude Include="Scene\Light.h">
      <Filter>头文件</Filter>
    </ClInclude>
    <ClInclude Include="Render\MeshGPU.h">
      <Filter>头文件</Filter>
    </ClInclude>
    <ClInclude Include="Render\Texture2D.h">
      <Filter>头文件</Filter>
    </ClInclude>
    <ClInclude Include="Assets\model.h">
      <Filter>头文件</Filter>
    </ClInclude>
    <ClInclude Include="Scene\Mesh.h">
      <Filter>头文件</Filter>
    </ClInclude>
    <ClInclude Include="System\CameraSystem.h">
      <Filter>头文件</Filter>
    </ClInclude>
    <ClInclude Include="System\LightManager.h">
      <Filter>头文件</Filter>
    </ClInclude>
    <ClInclude Include="Assets\MeshPrimitives.h">
      <Filter>头文件</Filter>
    </ClInclude>
    <ClInclude Include="Render\Material.h">
      <Filter>头文件</Filter>
    </ClInclude>
    <ClInclude Include="Assets\PassAssets.h">
      <Filter>头文件</Filter>
    </ClInclude>
    <ClInclude Include="Assets\MaterialAssets.h">
      <Filter>头文件</Filter>
    </ClInclude>
    <ClInclude Include="Utils.h">
      <Filter>头文件</Filter>
    </ClInclude>
    <ClInclude Include="Core\MeshRegistry.h">
      <Filter>头文件</Filter>
    </ClInclude>
    <ClInclude Include="Render\ShadowMap.h">
      <Filter>头文件</Filter>
    </ClInclude>
    <ClInclude Include="RenderPiPeline\PassShadow.h">
      <Filter>头文件</Filter>
    </ClInclude>
  </ItemGroup>
  <ItemGroup>
    <None Include="assimp-vc143-mtd.dll" />
    <None Include="packages.config" />
    <None Include="Assets\Passes_json\model.json" />
    <None Include="Assets\Shaders\model\model.vert" />
    <None Include="Assets\Shaders\model\model.frag" />
    <None Include="Assets\Passes_json\plane.json" />
    <None Include="Assets\Shaders\plane\plane.vert" />
    <None Include="Assets\Shaders\plane\plane.frag" />
    <None Include="Assets\Shaders\shadow\shadow.vert" />
    <None Include="Assets\Shaders\shadow\shadow.frag" />
    <None Include="Assets\Passes_json\shadow.json" />
  </ItemGroup>
</Project>